{
  "name": "plantilla-proyecto-sena",
  "lockfileVersion": 3,
  "requires": true,
  "packages": {
    "": {
      "dependencies": {
        "@react-spring/web": "^10.1.2",
        "motion": "^14.0.0"
      }
    },
    "node_modules/@react-spring/animated": {
      "version": "10.1.2",
      "resolved": "https://registry.npmjs.org/@react-spring/animated/-/animated-10.1.2.tgz",
      "integrity": "sha512-yAsQ/bbp6+vko7WNCI1M00c6KLE9XKTGCrgRhQqS4JcK3oF5qBV4rHYrQEprvEvYXxt+1H5FsLS2eVValEPfFw==",
      "license": "MIT",
      "dependencies": {
        "@react-spring/shared": "~10.1.2",
        "@react-spring/types": "~10.1.2"
      },
      "peerDependencies": {
        "react": "^16.8.0 || ^17.0.0 || ^18.0.0 || ^19.0.0"
      }
    },
    "node_modules/@react-spring/core": {
      "version": "10.1.2",
      "resolved": "https://registry.npmjs.org/@react-spring/core/-/core-10.1.2.tgz",
      "integrity": "sha512-lPGOAg0V+PV3ucopOajD+YCxoe8twALqAeG4c/+sqVjBsyUNNdx8qfz/DcNSPKA8PV3+AyQELlCxlDfap9cmBQ==",
      "license": "MIT",
      "dependencies": {
        "@react-spring/animated": "~10.1.2",
        "@react-spring/shared": "~10.1.2",
        "@react-spring/types": "~10.1.2"
      },
      "funding": {
        "type": "opencollective",
        "url": "https://opencollective.com/react-spring/donate"
      },
      "peerDependencies": {
        "react": "^16.8.0 || ^17.0.0 || ^18.0.0 || ^19.0.0"
      }
    },
    "node_modules/@react-spring/rafz": {
      "version": "10.1.2",
      "resolved": "https://registry.npmjs.org/@react-spring/rafz/-/rafz-10.1.2.tgz",
      "integrity": "sha512-KC6vSFZyPnRJ2rXqipV9QqR4SaYbYXjvKfdYKWipNK2mWuV79gr20WmpVUOsTiEHGRY3WSOdWCHN+P9Pdaqb7Q==",
      "license": "MIT"
    },
    "node_modules/@react-spring/shared": {
      "version": "10.1.2",
      "resolved": "https://registry.npmjs.org/@react-spring/shared/-/shared-10.1.2.tgz",
      "integrity": "sha512-47/8bNQ/o0uEmxEnPBuERlC29VSqiTn5P9ln9tUMSVkYKYxBtouYE686F5kAGj+eHRPoNCw7drxWE9nv2d1LMw==",
      "license": "MIT",
      "dependencies": {
        "@react-spring/rafz": "~10.1.2",
        "@react-spring/types": "~10.1.2"
      },
      "peerDependencies": {
        "react": "^16.8.0 || ^17.0.0 || ^18.0.0 || ^19.0.0"
      }
    },
    "node_modules/@react-spring/types": {
      "version": "10.1.2",
      "resolved": "https://registry.npmjs.org/@react-spring/types/-/types-10.1.2.tgz",
      "integrity": "sha512-G4CWowmVPz+rDG1y9QRVq/prZNxiNwQaHC0kgT/MgY6jAGgdRgTV4VThpvJDwWvUitk3xZB4soP4d36fjeQ09g==",
      "license": "MIT"
    },
    "node_modules/@react-spring/web": {
      "version": "10.1.2",
      "resolved": "https://registry.npmjs.org/@react-spring/web/-/web-10.1.2.tgz",
      "integrity": "sha512-KxDB3zaDqy9qFsu7fdxjyraAxweHH4k5TW5WGT/OuMK6hKaxSDfhrQfRBzfFaSVvMBf+NghbJFanllV4ia6i7A==",
      "license": "MIT",
      "dependencies": {
        "@react-spring/animated": "~10.1.2",
        "@react-spring/core": "~10.1.2",
        "@react-spring/shared": "~10.1.2",
        "@react-spring/types": "~10.1.2",
        "csstype": "^3.2.3"
      },
      "peerDependencies": {
        "react": "^16.8.0 || ^17.0.0 || ^18.0.0 || ^19.0.0",
        "react-dom": "^16.8.0 || ^17.0.0 || ^18.0.0 || ^19.0.0"
      }
    },
    "node_modules/csstype": {
      "version": "3.2.3",
      "resolved": "https://registry.npmjs.org/csstype/-/csstype-3.2.3.tgz",
      "integrity": "sha512-z1HGKcYy2xA8AGQfwrn0PAy+PB7X/GSj3UVJW9qKyn43xWa+gl5nXmU4qqLMRzWVLFC8KusUX8T/0kCiOYpAIQ==",
      "license": "MIT"
    },
    "node_modules/framer-motion": {
      "version": "14.0.0",
      "resolved": "https://registry.npmjs.org/framer-motion/-/framer-motion-14.0.0.tgz",
      "integrity": "sha512-QAtHmybrDFSliyW1sexMtSQTQd+1jw2ajibEmzpuI4XdPVzQkn+dAzJMm2sW3pl9MJuSS4xN51djQ7huhlP/VA==",
      "license": "MIT",
      "dependencies": {
        "motion-dom": "14.0.0",
        "motion-utils": "14.0.0",
        "tslib": "^2.4.0"
      },
      "peerDependencies": {
        "react": "^18.0.0 || ^19.0.0",
        "react-dom": "^18.0.0 || ^19.0.0"
      },
      "peerDependenciesMeta": {
        "react": {
          "optional": true
        },
        "react-dom": {
          "optional": true
        }
      }
    },
    "node_modules/motion": {
      "version": "14.0.0",
      "resolved": "https://registry.npmjs.org/motion/-/motion-14.0.0.tgz",
      "integrity": "sha512-oGc2lkge2lkRZCP+J8/JsnYu4NFjqP1MtXirNdetn3QbvK2JqwM9A200EdT4C598KfzDhjLT12zF21xDM4Oilw==",
      "license": "MIT",
      "dependencies": {
        "framer-motion": "14.0.0",
        "tslib": "^2.4.0"
      },
      "peerDependencies": {
        "react": "^18.0.0 || ^19.0.0",
        "react-dom": "^18.0.0 || ^19.0.0"
      },
      "peerDependenciesMeta": {
        "react": {
          "optional": true
        },
        "react-dom": {
          "optional": true
        }
      }
    },
    "node_modules/motion-dom": {
      "version": "14.0.0",
      "resolved": "https://registry.npmjs.org/motion-dom/-/motion-dom-14.0.0.tgz",
      "integrity": "sha512-aU3ApXo1yTpeUi3JU+jbDk2TELjxPE3MbBMUP7nZHlARb6RweJK+ojmLjpuB0YsY6zhbBl1YWGo8LMsI1/Llqw==",
      "license": "MIT",
      "dependencies": {
        "motion-utils": "14.0.0"
      }
    },
    "node_modules/motion-utils": {
      "version": "14.0.0",
      "resolved": "https://registry.npmjs.org/motion-utils/-/motion-utils-14.0.0.tgz",
      "integrity": "sha512-jBsyjVxTTRZNeuvd/v+btVXr90LQkYl4HhRu9T2ARc+PMnvkmjsjRVeAg4Qm10b6TlTw+kykWI8gu/6LuvpLSQ==",
      "license": "MIT"
    },
    "node_modules/react": {
      "version": "19.3.0",
      "resolved": "https://registry.npmjs.org/react/-/react-19.3.0.tgz",
      "integrity": "sha512-E8LUcbtBWt20bbl2YoHfx4ZDBdxVTfOKtCZn9cDSJ4l6/nuoApcpIBcj47t2wZoVX8g2ZHuMHbiShgCR1T5Sog==",
      "license": "MIT",
      "peer": true,
      "engines": {
        "node": ">=0.10.0"
      }
    },
    "node_modules/react-dom": {
      "version": "19.3.0",
      "resolved": "https://registry.npmjs.org/react-dom/-/react-dom-19.3.0.tgz",
      "integrity": "sha512-JDk8dgif51OjFoDE70+OT9ICyYr+69HlmihNwp1+Nsfbna3t5sIiCa9ZJktDmQ4/1b/rn26hIAR2uYXDMr5r0Q==",
      "license": "MIT",
      "peer": true,
      "dependencies": {
        "scheduler": "^0.28.0"
      },
      "peerDependencies": {
        "react": "^19.3.0"
      }
    },
    "node_modules/scheduler": {
      "version": "0.28.0",
      "resolved": "https://registry.npmjs.org/scheduler/-/scheduler-0.28.0.tgz",
      "integrity": "sha512-juorfCmIkIw8tT+p5BXSm6PJjQF/ycEYmKyzURCIt/RaZIhL+PulbQ9Yu2z1HdOJDdqDTlxA1+xKBmHXJsczAw==",
      "license": "MIT",
      "peer": true
    },
    "node_modules/tslib": {
      "version": "2.8.1",
      "resolved": "https://registry.npmjs.org/tslib/-/tslib-2.8.1.tgz",
      "integrity": "sha512-oJFu94HQb+KVduSUQL7wnpmqnfmLsOA/nAh6b6EH0wCEoK0/mPeXU6c3wKDV83MkOuHPRHtSXKKU99IBazS/2w==",
      "license": "0BSD"
    }
  }
}
